
Microsoft Visual Studio Solution File, Format Version 12.00
# Visual Studio Version 17
VisualStudioVersion = 17.1.32319.34
MinimumVisualStudioVersion = 10.0.40219.1
Project("{FAE04EC0-301F-11D3-BF4B-00C04F79EFBC}") = "TRABAJO_DEL_CURSO.Android", "TRABAJO_DEL_CURSO\TRABAJO_DEL_CURSO.Android\TRABAJO_DEL_CURSO.Android.csproj", "{5BDB3581-4C57-463B-AB27-D0CC8543EE71}"
EndProject
Project("{FAE04EC0-301F-11D3-BF4B-00C04F79EFBC}") = "TRABAJO_DEL_CURSO.iOS", "TRABAJO_DEL_CURSO\TRABAJO_DEL_CURSO.iOS\TRABAJO_DEL_CURSO.iOS.csproj", "{7526BCB7-644C-4ED3-BFE4-FF00065CA92D}"
EndProject
Project("{FAE04EC0-301F-11D3-BF4B-00C04F79EFBC}") = "TRABAJO_DEL_CURSO", "TRABAJO_DEL_CURSO\TRABAJO_DEL_CURSO\TRABAJO_DEL_CURSO.csproj", "{C3A34568-8914-4CF3-8C32-016B14EB4C29}"
EndProject
Global
	GlobalSection(SolutionConfigurationPlatforms) = preSolution
		Debug|Any CPU = Debug|Any CPU
		Debug|iPhone = Debug|iPhone
		Debug|iPhoneSimulator = Debug|iPhoneSimulator
		Release|Any CPU = Release|Any CPU
		Release|iPhone = Release|iPhone
		Release|iPhoneSimulator = Release|iPhoneSimulator
	EndGlobalSection
	GlobalSection(ProjectConfigurationPlatforms) = postSolution
		{5BDB3581-4C57-463B-AB27-D0CC8543EE71}.Debug|Any CPU.ActiveCfg = Debug|Any CPU
		{5BDB3581-4C57-463B-AB27-D0CC8543EE71}.Debug|Any CPU.Build.0 = Debug|Any CPU
		{5BDB3581-4C57-463B-AB27-D0CC8543EE71}.Debug|Any CPU.Deploy.0 = Debug|Any CPU
		{5BDB3581-4C57-463B-AB27-D0CC8543EE71}.Debug|iPhone.ActiveCfg = Debug|Any CPU
		{5BDB3581-4C57-463B-AB27-D0CC8543EE71}.Debug|iPhone.Build.0 = Debug|Any CPU
		{5BDB3581-4C57-463B-AB27-D0CC8543EE71}.Debug|iPhone.Deploy.0 = Debug|Any CPU
		{5BDB3581-4C57-463B-AB27-D0CC8543EE71}.Debug|iPhoneSimulator.ActiveCfg = Debug|Any CPU
		{5BDB3581-4C57-463B-AB27-D0CC8543EE71}.Debug|iPhoneSimulator.Build.0 = Debug|Any CPU
		{5BDB3581-4C57-463B-AB27-D0CC8543EE71}.Debug|iPhoneSimulator.Deploy.0 = Debug|Any CPU
		{5BDB3581-4C57-463B-AB27-D0CC8543EE71}.Release|Any CPU.ActiveCfg = Release|Any CPU
		{5BDB3581-4C57-463B-AB27-D0CC8543EE71}.Release|Any CPU.Build.0 = Release|Any CPU
		{5BDB3581-4C57-463B-AB27-D0CC8543EE71}.Release|Any CPU.Deploy.0 = Release|Any CPU
		{5BDB3581-4C57-463B-AB27-D0CC8543EE71}.Release|iPhone.ActiveCfg = Release|Any CPU
		{5BDB3581-4C57-463B-AB27-D0CC8543EE71}.Release|iPhone.Build.0 = Release|Any CPU
		{5BDB3581-4C57-463B-AB27-D0CC8543EE71}.Release|iPhone.Deploy.0 = Release|Any CPU
		{5BDB3581-4C57-463B-AB27-D0CC8543EE71}.Release|iPhoneSimulator.ActiveCfg = Release|Any CPU
		{5BDB3581-4C57-463B-AB27-D0CC8543EE71}.Release|iPhoneSimulator.Build.0 = Release|Any CPU
		{5BDB3581-4C57-463B-AB27-D0CC8543EE71}.Release|iPhoneSimulator.Deploy.0 = Release|Any CPU
		{7526BCB7-644C-4ED3-BFE4-FF00065CA92D}.Debug|Any CPU.ActiveCfg = Debug|iPhone
		{7526BCB7-644C-4ED3-BFE4-FF00065CA92D}.Debug|Any CPU.Build.0 = Debug|iPhone
		{7526BCB7-644C-4ED3-BFE4-FF00065CA92D}.Debug|Any CPU.Deploy.0 = Debug|iPhone
		{7526BCB7-644C-4ED3-BFE4-FF00065CA92D}.Debug|iPhone.ActiveCfg = Debug|iPhone
		{7526BCB7-644C-4ED3-BFE4-FF00065CA92D}.Debug|iPhone.Build.0 = Debug|iPhone
		{7526BCB7-644C-4ED3-BFE4-FF00065CA92D}.Debug|iPhone.Deploy.0 = Debug|iPhone
		{7526BCB7-644C-4ED3-BFE4-FF00065CA92D}.Debug|iPhoneSimulator.ActiveCfg = Debug|iPhoneSimulator
		{7526BCB7-644C-4ED3-BFE4-FF00065CA92D}.Debug|iPhoneSimulator.Build.0 = Debug|iPhoneSimulator
		{7526BCB7-644C-4ED3-BFE4-FF00065CA92D}.Debug|iPhoneSimulator.Deploy.0 = Debug|iPhoneSimulator
		{7526BCB7-644C-4ED3-BFE4-FF00065CA92D}.Release|Any CPU.ActiveCfg = Release|iPhoneSimulator
		{7526BCB7-644C-4ED3-BFE4-FF00065CA92D}.Release|Any CPU.Build.0 = Release|iPhoneSimulator
		{7526BCB7-644C-4ED3-BFE4-FF00065CA92D}.Release|Any CPU.Deploy.0 = Release|iPhoneSimulator
		{7526BCB7-644C-4ED3-BFE4-FF00065CA92D}.Release|iPhone.ActiveCfg = Release|iPhone
		{7526BCB7-644C-4ED3-BFE4-FF00065CA92D}.Release|iPhone.Build.0 = Release|iPhone
		{7526BCB7-644C-4ED3-BFE4-FF00065CA92D}.Release|iPhone.Deploy.0 = Release|iPhone
		{7526BCB7-644C-4ED3-BFE4-FF00065CA92D}.Release|iPhoneSimulator.ActiveCfg = Release|iPhoneSimulator
		{7526BCB7-644C-4ED3-BFE4-FF00065CA92D}.Release|iPhoneSimulator.Build.0 = Release|iPhoneSimulator
		{7526BCB7-644C-4ED3-BFE4-FF00065CA92D}.Release|iPhoneSimulator.Deploy.0 = Release|iPhoneSimulator
		{C3A34568-8914-4CF3-8C32-016B14EB4C29}.Debug|Any CPU.ActiveCfg = Debug|Any CPU
		{C3A34568-8914-4CF3-8C32-016B14EB4C29}.Debug|Any CPU.Build.0 = Debug|Any CPU
		{C3A34568-8914-4CF3-8C32-016B14EB4C29}.Debug|Any CPU.Deploy.0 = Debug|Any CPU
		{C3A34568-8914-4CF3-8C32-016B14EB4C29}.Debug|iPhone.ActiveCfg = Debug|Any CPU
		{C3A34568-8914-4CF3-8C32-016B14EB4C29}.Debug|iPhone.Build.0 = Debug|Any CPU
		{C3A34568-8914-4CF3-8C32-016B14EB4C29}.Debug|iPhone.Deploy.0 = Debug|Any CPU
		{C3A34568-8914-4CF3-8C32-016B14EB4C29}.Debug|iPhoneSimulator.ActiveCfg = Debug|Any CPU
		{C3A34568-8914-4CF3-8C32-016B14EB4C29}.Debug|iPhoneSimulator.Build.0 = Debug|Any CPU
		{C3A34568-8914-4CF3-8C32-016B14EB4C29}.Debug|iPhoneSimulator.Deploy.0 = Debug|Any CPU
		{C3A34568-8914-4CF3-8C32-016B14EB4C29}.Release|Any CPU.ActiveCfg = Release|Any CPU
		{C3A34568-8914-4CF3-8C32-016B14EB4C29}.Release|Any CPU.Build.0 = Release|Any CPU
		{C3A34568-8914-4CF3-8C32-016B14EB4C29}.Release|Any CPU.Deploy.0 = Release|Any CPU
		{C3A34568-8914-4CF3-8C32-016B14EB4C29}.Release|iPhone.ActiveCfg = Release|Any CPU
		{C3A34568-8914-4CF3-8C32-016B14EB4C29}.Release|iPhone.Build.0 = Release|Any CPU
		{C3A34568-8914-4CF3-8C32-016B14EB4C29}.Release|iPhone.Deploy.0 = Release|Any CPU
		{C3A34568-8914-4CF3-8C32-016B14EB4C29}.Release|iPhoneSimulator.ActiveCfg = Release|Any CPU
		{C3A34568-8914-4CF3-8C32-016B14EB4C29}.Release|iPhoneSimulator.Build.0 = Release|Any CPU
		{C3A34568-8914-4CF3-8C32-016B14EB4C29}.Release|iPhoneSimulator.Deploy.0 = Release|Any CPU
	EndGlobalSection
	GlobalSection(SolutionProperties) = preSolution
		HideSolutionNode = FALSE
	EndGlobalSection
	GlobalSection(ExtensibilityGlobals) = postSolution
		SolutionGuid = {62A32FFC-A4DD-4691-BD31-DEBCCA736A52}
	EndGlobalSection
EndGlobal
